
Microsoft Visual Studio Solution File, Format Version 12.00
# Visual Studio Version 17
VisualStudioVersion = 17.2.32616.157
MinimumVisualStudioVersion = 10.0.40219.1
Project("{2150E333-8FDC-42A3-9474-1A3956D46DE8}") = "1 - UI", "1 - UI", "{C0F8C683-A556-42C0-93E2-26703E2A004D}"
EndProject
Project("{2150E333-8FDC-42A3-9474-1A3956D46DE8}") = "2 - Services", "2 - Services", "{31132ADE-8A4D-4E79-8CAC-46E89D25C0C6}"
EndProject
Project("{9A19103F-16F7-4668-BE54-9A1E7A4F7556}") = "ServiceWeb.ProductAPI", "ServiceWeb.ProductAPI\ServiceWeb.ProductAPI.csproj", "{08B53948-48C0-40B5-A85E-159F994C7602}"
EndProject
Project("{9A19103F-16F7-4668-BE54-9A1E7A4F7556}") = "ServiceWeb.CartAPI", "ServuceWeb.CartAPI\ServiceWeb.CartAPI.csproj", "{A289455E-15C4-42D1-BCB3-F4C41C557FEA}"
EndProject
Global
	GlobalSection(SolutionConfigurationPlatforms) = preSolution
		Debug|Any CPU = Debug|Any CPU
		Release|Any CPU = Release|Any CPU
	EndGlobalSection
	GlobalSection(ProjectConfigurationPlatforms) = postSolution
		{08B53948-48C0-40B5-A85E-159F994C7602}.Debug|Any CPU.ActiveCfg = Debug|Any CPU
		{08B53948-48C0-40B5-A85E-159F994C7602}.Debug|Any CPU.Build.0 = Debug|Any CPU
		{08B53948-48C0-40B5-A85E-159F994C7602}.Release|Any CPU.ActiveCfg = Release|Any CPU
		{08B53948-48C0-40B5-A85E-159F994C7602}.Release|Any CPU.Build.0 = Release|Any CPU
		{A289455E-15C4-42D1-BCB3-F4C41C557FEA}.Debug|Any CPU.ActiveCfg = Debug|Any CPU
		{A289455E-15C4-42D1-BCB3-F4C41C557FEA}.Debug|Any CPU.Build.0 = Debug|Any CPU
		{A289455E-15C4-42D1-BCB3-F4C41C557FEA}.Release|Any CPU.ActiveCfg = Release|Any CPU
		{A289455E-15C4-42D1-BCB3-F4C41C557FEA}.Release|Any CPU.Build.0 = Release|Any CPU
	EndGlobalSection
	GlobalSection(SolutionProperties) = preSolution
		HideSolutionNode = FALSE
	EndGlobalSection
	GlobalSection(NestedProjects) = preSolution
		{08B53948-48C0-40B5-A85E-159F994C7602} = {31132ADE-8A4D-4E79-8CAC-46E89D25C0C6}
		{A289455E-15C4-42D1-BCB3-F4C41C557FEA} = {31132ADE-8A4D-4E79-8CAC-46E89D25C0C6}
	EndGlobalSection
	GlobalSection(ExtensibilityGlobals) = postSolution
		SolutionGuid = {B7EA569D-67F5-4D7B-AB81-ED0961BB70E6}
	EndGlobalSection
EndGlobal
